
Microsoft Visual Studio Solution File, Format Version 12.00
# Visual Studio 2013
VisualStudioVersion = 12.0.21005.1
MinimumVisualStudioVersion = 10.0.40219.1
Project("{FAE04EC0-301F-11D3-BF4B-00C04F79EFBC}") = "MyBlog.UI", "MyBlog\MyBlog.UI.csproj", "{93A44574-26AF-42BB-97CA-568F371BAFA7}"
EndProject
Project("{2150E333-8FDC-42A3-9474-1A3956D46DE8}") = "Business", "Business", "{345637CC-88E7-4EED-8F8E-38D59C9BAC7E}"
EndProject
Project("{2150E333-8FDC-42A3-9474-1A3956D46DE8}") = "DataAccess", "DataAccess", "{49C4679B-4BFA-4222-898A-EBA19459A8D6}"
EndProject
Project("{2150E333-8FDC-42A3-9474-1A3956D46DE8}") = "Ui", "Ui", "{7FD88CE1-1506-4882-B7D2-B6435C0DDE67}"
EndProject
Project("{2150E333-8FDC-42A3-9474-1A3956D46DE8}") = "Service", "Service", "{7A72A956-9385-4459-86FC-018E147A03D0}"
EndProject
Project("{FAE04EC0-301F-11D3-BF4B-00C04F79EFBC}") = "MyBlog.Business.Definition", "MyBlog.Business.Definition\MyBlog.Business.Definition.csproj", "{F8CF243D-C5A0-45A4-ADE4-2405B8971DA5}"
EndProject
Project("{FAE04EC0-301F-11D3-BF4B-00C04F79EFBC}") = "MyBlog.Business.Implement", "MyBlog.Business.Implement\MyBlog.Business.Implement.csproj", "{C151707D-B16A-465A-B71B-4E25F72B1AAE}"
EndProject
Project("{FAE04EC0-301F-11D3-BF4B-00C04F79EFBC}") = "MyBlog.DataAccess.Definition", "MyBlog.DataAccess.Definition\MyBlog.DataAccess.Definition.csproj", "{585E7552-30DB-4D8E-8765-E8BF90E2209B}"
EndProject
Project("{FAE04EC0-301F-11D3-BF4B-00C04F79EFBC}") = "MyBlog.DataAccess.Implement", "MyBlog.DataAccess.Implement\MyBlog.DataAccess.Implement.csproj", "{0926A825-3838-44E1-9174-1E41BD901174}"
EndProject
Project("{FAE04EC0-301F-11D3-BF4B-00C04F79EFBC}") = "MyBlog.DataAccess.Entity", "MyBlog.DataAccess.Entity\MyBlog.DataAccess.Entity.csproj", "{5D3E9907-4F73-4613-B2F7-49871D2791E3}"
EndProject
Project("{2150E333-8FDC-42A3-9474-1A3956D46DE8}") = "Common", "Common", "{05C54555-B9F8-496D-8BAD-0B74BB532CB5}"
EndProject
Project("{FAE04EC0-301F-11D3-BF4B-00C04F79EFBC}") = "MyBlog.Common", "MyBlog.Common\MyBlog.Common.csproj", "{8275D5E4-1AAB-4A5C-866B-046D88DB4599}"
EndProject
Global
	GlobalSection(SolutionConfigurationPlatforms) = preSolution
		Debug|Any CPU = Debug|Any CPU
		Release|Any CPU = Release|Any CPU
	EndGlobalSection
	GlobalSection(ProjectConfigurationPlatforms) = postSolution
		{93A44574-26AF-42BB-97CA-568F371BAFA7}.Debug|Any CPU.ActiveCfg = Debug|Any CPU
		{93A44574-26AF-42BB-97CA-568F371BAFA7}.Debug|Any CPU.Build.0 = Debug|Any CPU
		{93A44574-26AF-42BB-97CA-568F371BAFA7}.Release|Any CPU.ActiveCfg = Release|Any CPU
		{93A44574-26AF-42BB-97CA-568F371BAFA7}.Release|Any CPU.Build.0 = Release|Any CPU
		{F8CF243D-C5A0-45A4-ADE4-2405B8971DA5}.Debug|Any CPU.ActiveCfg = Debug|Any CPU
		{F8CF243D-C5A0-45A4-ADE4-2405B8971DA5}.Debug|Any CPU.Build.0 = Debug|Any CPU
		{F8CF243D-C5A0-45A4-ADE4-2405B8971DA5}.Release|Any CPU.ActiveCfg = Release|Any CPU
		{F8CF243D-C5A0-45A4-ADE4-2405B8971DA5}.Release|Any CPU.Build.0 = Release|Any CPU
		{C151707D-B16A-465A-B71B-4E25F72B1AAE}.Debug|Any CPU.ActiveCfg = Debug|Any CPU
		{C151707D-B16A-465A-B71B-4E25F72B1AAE}.Debug|Any CPU.Build.0 = Debug|Any CPU
		{C151707D-B16A-465A-B71B-4E25F72B1AAE}.Release|Any CPU.ActiveCfg = Release|Any CPU
		{C151707D-B16A-465A-B71B-4E25F72B1AAE}.Release|Any CPU.Build.0 = Release|Any CPU
		{585E7552-30DB-4D8E-8765-E8BF90E2209B}.Debug|Any CPU.ActiveCfg = Debug|Any CPU
		{585E7552-30DB-4D8E-8765-E8BF90E2209B}.Debug|Any CPU.Build.0 = Debug|Any CPU
		{585E7552-30DB-4D8E-8765-E8BF90E2209B}.Release|Any CPU.ActiveCfg = Release|Any CPU
		{585E7552-30DB-4D8E-8765-E8BF90E2209B}.Release|Any CPU.Build.0 = Release|Any CPU
		{0926A825-3838-44E1-9174-1E41BD901174}.Debug|Any CPU.ActiveCfg = Debug|Any CPU
		{0926A825-3838-44E1-9174-1E41BD901174}.Debug|Any CPU.Build.0 = Debug|Any CPU
		{0926A825-3838-44E1-9174-1E41BD901174}.Release|Any CPU.ActiveCfg = Release|Any CPU
		{0926A825-3838-44E1-9174-1E41BD901174}.Release|Any CPU.Build.0 = Release|Any CPU
		{5D3E9907-4F73-4613-B2F7-49871D2791E3}.Debug|Any CPU.ActiveCfg = Debug|Any CPU
		{5D3E9907-4F73-4613-B2F7-49871D2791E3}.Debug|Any CPU.Build.0 = Debug|Any CPU
		{5D3E9907-4F73-4613-B2F7-49871D2791E3}.Release|Any CPU.ActiveCfg = Release|Any CPU
		{5D3E9907-4F73-4613-B2F7-49871D2791E3}.Release|Any CPU.Build.0 = Release|Any CPU
		{8275D5E4-1AAB-4A5C-866B-046D88DB4599}.Debug|Any CPU.ActiveCfg = Debug|Any CPU
		{8275D5E4-1AAB-4A5C-866B-046D88DB4599}.Debug|Any CPU.Build.0 = Debug|Any CPU
		{8275D5E4-1AAB-4A5C-866B-046D88DB4599}.Release|Any CPU.ActiveCfg = Release|Any CPU
		{8275D5E4-1AAB-4A5C-866B-046D88DB4599}.Release|Any CPU.Build.0 = Release|Any CPU
	EndGlobalSection
	GlobalSection(SolutionProperties) = preSolution
		HideSolutionNode = FALSE
	EndGlobalSection
	GlobalSection(NestedProjects) = preSolution
		{F8CF243D-C5A0-45A4-ADE4-2405B8971DA5} = {345637CC-88E7-4EED-8F8E-38D59C9BAC7E}
		{C151707D-B16A-465A-B71B-4E25F72B1AAE} = {345637CC-88E7-4EED-8F8E-38D59C9BAC7E}
		{585E7552-30DB-4D8E-8765-E8BF90E2209B} = {49C4679B-4BFA-4222-898A-EBA19459A8D6}
		{0926A825-3838-44E1-9174-1E41BD901174} = {49C4679B-4BFA-4222-898A-EBA19459A8D6}
		{5D3E9907-4F73-4613-B2F7-49871D2791E3} = {49C4679B-4BFA-4222-898A-EBA19459A8D6}
		{93A44574-26AF-42BB-97CA-568F371BAFA7} = {7FD88CE1-1506-4882-B7D2-B6435C0DDE67}
		{8275D5E4-1AAB-4A5C-866B-046D88DB4599} = {05C54555-B9F8-496D-8BAD-0B74BB532CB5}
	EndGlobalSection
EndGlobal
